
Microsoft Visual Studio Solution File, Format Version 12.00
# Visual Studio Version 17
VisualStudioVersion = 17.1.32228.430
MinimumVisualStudioVersion = 10.0.40219.1
Project("{9A19103F-16F7-4668-BE54-9A1E7A4F7556}") = "FileUpload", "FileUpload\FileUpload.csproj", "{7905799E-1B7E-4494-9E83-0C7D692469D2}"
EndProject
Project("{9A19103F-16F7-4668-BE54-9A1E7A4F7556}") = "CorsDemo", "CorsDemo\CorsDemo.csproj", "{E000E288-C931-4B77-B8FF-F01D6E53507E}"
EndProject
Project("{9A19103F-16F7-4668-BE54-9A1E7A4F7556}") = "PollyDemo", "PollyDemo\PollyDemo.csproj", "{ACA2C5B8-3171-4BB0-8A9B-0E74A7B8687B}"
EndProject
Project("{9A19103F-16F7-4668-BE54-9A1E7A4F7556}") = "TrivialDemo", "TrivialDemo\TrivialDemo.csproj", "{8E38F255-80AB-459A-9226-A100289226AE}"
EndProject
Project("{9A19103F-16F7-4668-BE54-9A1E7A4F7556}") = "OcelotDemo", "OcelotDemo\OcelotDemo.csproj", "{97EE2288-6831-438B-BDC8-01992E66063A}"
EndProject
Project("{9A19103F-16F7-4668-BE54-9A1E7A4F7556}") = "GrpcServerDemo", "GrpcServerDemo\GrpcServerDemo.csproj", "{FA6793F9-66D4-4A00-8C1F-2A08973188A7}"
EndProject
Project("{2150E333-8FDC-42A3-9474-1A3956D46DE8}") = "GrpcDemo", "GrpcDemo", "{4B4399FF-4A48-472D-BC3C-2D19409CAE1E}"
EndProject
Project("{9A19103F-16F7-4668-BE54-9A1E7A4F7556}") = "GrpcConsoleClient", "GrpcConsoleClient\GrpcConsoleClient.csproj", "{0C6EF772-6773-4B96-9230-9D6D62ED9E59}"
EndProject
Project("{9A19103F-16F7-4668-BE54-9A1E7A4F7556}") = "MinimalApiDemo", "MinimalApiDemo\MinimalApiDemo.csproj", "{C5502CDE-54A9-4C47-AA27-940B2AC91A41}"
EndProject
Project("{2150E333-8FDC-42A3-9474-1A3956D46DE8}") = "ConfigmapDemo", "ConfigmapDemo", "{FEABCE1A-BBF5-404D-B24A-8E9374130289}"
	ProjectSection(SolutionItems) = preProject
		ConfigmapDemo\configmap.yml = ConfigmapDemo\configmap.yml
		ConfigmapDemo\deployment.yml = ConfigmapDemo\deployment.yml
	EndProjectSection
EndProject
Project("{FAE04EC0-301F-11D3-BF4B-00C04F79EFBC}") = "ConfigMapDemo", "ConfigmapDemo\ConfigMapDemo\ConfigMapDemo.csproj", "{4B27505E-3992-4A8F-ACF5-9F53DC53BD97}"
EndProject
Global
	GlobalSection(SolutionConfigurationPlatforms) = preSolution
		Debug|Any CPU = Debug|Any CPU
		Release|Any CPU = Release|Any CPU
	EndGlobalSection
	GlobalSection(ProjectConfigurationPlatforms) = postSolution
		{7905799E-1B7E-4494-9E83-0C7D692469D2}.Debug|Any CPU.ActiveCfg = Debug|Any CPU
		{7905799E-1B7E-4494-9E83-0C7D692469D2}.Debug|Any CPU.Build.0 = Debug|Any CPU
		{7905799E-1B7E-4494-9E83-0C7D692469D2}.Release|Any CPU.ActiveCfg = Release|Any CPU
		{7905799E-1B7E-4494-9E83-0C7D692469D2}.Release|Any CPU.Build.0 = Release|Any CPU
		{E000E288-C931-4B77-B8FF-F01D6E53507E}.Debug|Any CPU.ActiveCfg = Debug|Any CPU
		{E000E288-C931-4B77-B8FF-F01D6E53507E}.Debug|Any CPU.Build.0 = Debug|Any CPU
		{E000E288-C931-4B77-B8FF-F01D6E53507E}.Release|Any CPU.ActiveCfg = Release|Any CPU
		{E000E288-C931-4B77-B8FF-F01D6E53507E}.Release|Any CPU.Build.0 = Release|Any CPU
		{ACA2C5B8-3171-4BB0-8A9B-0E74A7B8687B}.Debug|Any CPU.ActiveCfg = Debug|Any CPU
		{ACA2C5B8-3171-4BB0-8A9B-0E74A7B8687B}.Debug|Any CPU.Build.0 = Debug|Any CPU
		{ACA2C5B8-3171-4BB0-8A9B-0E74A7B8687B}.Release|Any CPU.ActiveCfg = Release|Any CPU
		{ACA2C5B8-3171-4BB0-8A9B-0E74A7B8687B}.Release|Any CPU.Build.0 = Release|Any CPU
		{8E38F255-80AB-459A-9226-A100289226AE}.Debug|Any CPU.ActiveCfg = Debug|Any CPU
		{8E38F255-80AB-459A-9226-A100289226AE}.Debug|Any CPU.Build.0 = Debug|Any CPU
		{8E38F255-80AB-459A-9226-A100289226AE}.Release|Any CPU.ActiveCfg = Release|Any CPU
		{8E38F255-80AB-459A-9226-A100289226AE}.Release|Any CPU.Build.0 = Release|Any CPU
		{97EE2288-6831-438B-BDC8-01992E66063A}.Debug|Any CPU.ActiveCfg = Debug|Any CPU
		{97EE2288-6831-438B-BDC8-01992E66063A}.Debug|Any CPU.Build.0 = Debug|Any CPU
		{97EE2288-6831-438B-BDC8-01992E66063A}.Release|Any CPU.ActiveCfg = Release|Any CPU
		{97EE2288-6831-438B-BDC8-01992E66063A}.Release|Any CPU.Build.0 = Release|Any CPU
		{FA6793F9-66D4-4A00-8C1F-2A08973188A7}.Debug|Any CPU.ActiveCfg = Debug|Any CPU
		{FA6793F9-66D4-4A00-8C1F-2A08973188A7}.Debug|Any CPU.Build.0 = Debug|Any CPU
		{FA6793F9-66D4-4A00-8C1F-2A08973188A7}.Release|Any CPU.ActiveCfg = Release|Any CPU
		{FA6793F9-66D4-4A00-8C1F-2A08973188A7}.Release|Any CPU.Build.0 = Release|Any CPU
		{0C6EF772-6773-4B96-9230-9D6D62ED9E59}.Debug|Any CPU.ActiveCfg = Debug|Any CPU
		{0C6EF772-6773-4B96-9230-9D6D62ED9E59}.Debug|Any CPU.Build.0 = Debug|Any CPU
		{0C6EF772-6773-4B96-9230-9D6D62ED9E59}.Release|Any CPU.ActiveCfg = Release|Any CPU
		{0C6EF772-6773-4B96-9230-9D6D62ED9E59}.Release|Any CPU.Build.0 = Release|Any CPU
		{C5502CDE-54A9-4C47-AA27-940B2AC91A41}.Debug|Any CPU.ActiveCfg = Debug|Any CPU
		{C5502CDE-54A9-4C47-AA27-940B2AC91A41}.Debug|Any CPU.Build.0 = Debug|Any CPU
		{C5502CDE-54A9-4C47-AA27-940B2AC91A41}.Release|Any CPU.ActiveCfg = Release|Any CPU
		{C5502CDE-54A9-4C47-AA27-940B2AC91A41}.Release|Any CPU.Build.0 = Release|Any CPU
		{4B27505E-3992-4A8F-ACF5-9F53DC53BD97}.Debug|Any CPU.ActiveCfg = Debug|Any CPU
		{4B27505E-3992-4A8F-ACF5-9F53DC53BD97}.Debug|Any CPU.Build.0 = Debug|Any CPU
		{4B27505E-3992-4A8F-ACF5-9F53DC53BD97}.Release|Any CPU.ActiveCfg = Release|Any CPU
		{4B27505E-3992-4A8F-ACF5-9F53DC53BD97}.Release|Any CPU.Build.0 = Release|Any CPU
	EndGlobalSection
	GlobalSection(SolutionProperties) = preSolution
		HideSolutionNode = FALSE
	EndGlobalSection
	GlobalSection(NestedProjects) = preSolution
		{FA6793F9-66D4-4A00-8C1F-2A08973188A7} = {4B4399FF-4A48-472D-BC3C-2D19409CAE1E}
		{0C6EF772-6773-4B96-9230-9D6D62ED9E59} = {4B4399FF-4A48-472D-BC3C-2D19409CAE1E}
		{4B27505E-3992-4A8F-ACF5-9F53DC53BD97} = {FEABCE1A-BBF5-404D-B24A-8E9374130289}
	EndGlobalSection
	GlobalSection(ExtensibilityGlobals) = postSolution
		SolutionGuid = {7970F024-9489-4B62-BC40-3A22F25EE898}
	EndGlobalSection
EndGlobal
