
Microsoft Visual Studio Solution File, Format Version 12.00
# Visual Studio Version 16
VisualStudioVersion = 16.0.31005.135
MinimumVisualStudioVersion = 10.0.40219.1
Project("{9A19103F-16F7-4668-BE54-9A1E7A4F7556}") = "AspNetCore", "Demo1\AspNetCore\AspNetCore.csproj", "{8E62E94C-7CAA-4672-8B9C-1526C8C21B3E}"
EndProject
Project("{9A19103F-16F7-4668-BE54-9A1E7A4F7556}") = "MessageContracts", "Demo1\MessageContracts\MessageContracts.csproj", "{B77E104B-A5CC-4DB0-A5E9-EF7AC539D8B6}"
EndProject
Project("{2150E333-8FDC-42A3-9474-1A3956D46DE8}") = "01-Demo1", "01-Demo1", "{5D27A9C4-E8FC-4304-AEAC-B380D2B4CCA2}"
EndProject
Project("{2150E333-8FDC-42A3-9474-1A3956D46DE8}") = "02-Demo2", "02-Demo2", "{1EEE0734-2FE2-4D96-9000-285F272F9308}"
EndProject
Project("{9A19103F-16F7-4668-BE54-9A1E7A4F7556}") = "AspNetCore", "Demo2\AspNetCore\AspNetCore.csproj", "{B2634778-E781-460D-B81D-64F56FB2A869}"
EndProject
Project("{9A19103F-16F7-4668-BE54-9A1E7A4F7556}") = "MessageContracts", "Demo2\MessageContracts\MessageContracts.csproj", "{BE43D4DB-0337-405F-9B10-0D6315B59BC6}"
EndProject
Project("{2150E333-8FDC-42A3-9474-1A3956D46DE8}") = "04-SagaDemo1", "04-SagaDemo1", "{D7BB977B-852B-40E7-B5F1-7F87FFAE0EF5}"
EndProject
Project("{9A19103F-16F7-4668-BE54-9A1E7A4F7556}") = "AspNetCore", "SagaDemo1\AspNetCore\AspNetCore.csproj", "{45E0FE9C-3D78-4E61-B08A-195CA5BAE700}"
EndProject
Project("{2150E333-8FDC-42A3-9474-1A3956D46DE8}") = "Demo1", "Demo1", "{82B252F3-DFC1-4506-BCD0-96EC23D3786D}"
EndProject
Project("{2150E333-8FDC-42A3-9474-1A3956D46DE8}") = "Blazor", "Blazor", "{A64CB412-AA4C-41F4-9FD7-E018DCFC593C}"
EndProject
Project("{9A19103F-16F7-4668-BE54-9A1E7A4F7556}") = "BlazorAssemblyDemo1", "Blazor\BlazorAssemblyDemo1\BlazorAssemblyDemo1.csproj", "{7EC73C9B-ED95-4E84-8C0B-5FD6E6FD2FDD}"
EndProject
Project("{9A19103F-16F7-4668-BE54-9A1E7A4F7556}") = "BlazorServerDemo1", "Blazor\BlazorServerDemo1\BlazorServerDemo1.csproj", "{2BDEFD73-71F2-4813-9126-0084B97F6956}"
EndProject
Project("{2150E333-8FDC-42A3-9474-1A3956D46DE8}") = "03-RequestResponse", "03-RequestResponse", "{2EE6EF26-0E86-400F-8D99-5F54D267A951}"
EndProject
Project("{2150E333-8FDC-42A3-9474-1A3956D46DE8}") = "Demo1", "Demo1", "{CA95C6B3-7777-4547-976B-EAC1817DFE1C}"
EndProject
Project("{2150E333-8FDC-42A3-9474-1A3956D46DE8}") = "05-Courier", "05-Courier", "{3079E06B-8E5F-43B4-8B46-A9B0099E0F08}"
EndProject
Project("{9A19103F-16F7-4668-BE54-9A1E7A4F7556}") = "AspNetCore", "RequestReponse\AspNetCore\AspNetCore.csproj", "{000954A0-0DCA-4B5E-A158-41BAB9D6EF93}"
EndProject
Project("{9A19103F-16F7-4668-BE54-9A1E7A4F7556}") = "AspNetCore", "Courier\Demo1\AspNetCore\AspNetCore.csproj", "{1DC0DEB4-A905-4238-A8D9-FFA952D124D4}"
EndProject
Project("{2150E333-8FDC-42A3-9474-1A3956D46DE8}") = "06-DynamicVhost", "06-DynamicVhost", "{58B9DA23-CD92-4CD9-862A-DD7A1AAD14E3}"
EndProject
Project("{9A19103F-16F7-4668-BE54-9A1E7A4F7556}") = "AspNetCore", "DynamicVhost\AspNetCore\AspNetCore.csproj", "{DB3DAB51-69B1-4C61-A4FE-3A56C3B29B56}"
EndProject
Project("{2150E333-8FDC-42A3-9474-1A3956D46DE8}") = "07-DynamicQueue", "07-DynamicQueue", "{B9E914A0-CF64-48DD-9B50-15B2C8C748FB}"
EndProject
Project("{9A19103F-16F7-4668-BE54-9A1E7A4F7556}") = "AspNetCore", "DynamicQueue\AspNetCore\AspNetCore.csproj", "{D98E6758-7F85-459B-81D5-3A5DA5E5E921}"
EndProject
Project("{2150E333-8FDC-42A3-9474-1A3956D46DE8}") = "08-Topic", "08-Topic", "{716B32E0-BB2F-4802-88CE-D6CD5854EAA8}"
EndProject
Project("{FAE04EC0-301F-11D3-BF4B-00C04F79EFBC}") = "AspNetCore", "Topic\AspNetCore\AspNetCore.csproj", "{5BA86792-EB1C-4F8D-B360-0377BCCDA58D}"
EndProject
Global
	GlobalSection(SolutionConfigurationPlatforms) = preSolution
		Debug|Any CPU = Debug|Any CPU
		Release|Any CPU = Release|Any CPU
	EndGlobalSection
	GlobalSection(ProjectConfigurationPlatforms) = postSolution
		{8E62E94C-7CAA-4672-8B9C-1526C8C21B3E}.Debug|Any CPU.ActiveCfg = Debug|Any CPU
		{8E62E94C-7CAA-4672-8B9C-1526C8C21B3E}.Debug|Any CPU.Build.0 = Debug|Any CPU
		{8E62E94C-7CAA-4672-8B9C-1526C8C21B3E}.Release|Any CPU.ActiveCfg = Release|Any CPU
		{8E62E94C-7CAA-4672-8B9C-1526C8C21B3E}.Release|Any CPU.Build.0 = Release|Any CPU
		{B77E104B-A5CC-4DB0-A5E9-EF7AC539D8B6}.Debug|Any CPU.ActiveCfg = Debug|Any CPU
		{B77E104B-A5CC-4DB0-A5E9-EF7AC539D8B6}.Debug|Any CPU.Build.0 = Debug|Any CPU
		{B77E104B-A5CC-4DB0-A5E9-EF7AC539D8B6}.Release|Any CPU.ActiveCfg = Release|Any CPU
		{B77E104B-A5CC-4DB0-A5E9-EF7AC539D8B6}.Release|Any CPU.Build.0 = Release|Any CPU
		{B2634778-E781-460D-B81D-64F56FB2A869}.Debug|Any CPU.ActiveCfg = Debug|Any CPU
		{B2634778-E781-460D-B81D-64F56FB2A869}.Debug|Any CPU.Build.0 = Debug|Any CPU
		{B2634778-E781-460D-B81D-64F56FB2A869}.Release|Any CPU.ActiveCfg = Release|Any CPU
		{B2634778-E781-460D-B81D-64F56FB2A869}.Release|Any CPU.Build.0 = Release|Any CPU
		{BE43D4DB-0337-405F-9B10-0D6315B59BC6}.Debug|Any CPU.ActiveCfg = Debug|Any CPU
		{BE43D4DB-0337-405F-9B10-0D6315B59BC6}.Debug|Any CPU.Build.0 = Debug|Any CPU
		{BE43D4DB-0337-405F-9B10-0D6315B59BC6}.Release|Any CPU.ActiveCfg = Release|Any CPU
		{BE43D4DB-0337-405F-9B10-0D6315B59BC6}.Release|Any CPU.Build.0 = Release|Any CPU
		{45E0FE9C-3D78-4E61-B08A-195CA5BAE700}.Debug|Any CPU.ActiveCfg = Debug|Any CPU
		{45E0FE9C-3D78-4E61-B08A-195CA5BAE700}.Debug|Any CPU.Build.0 = Debug|Any CPU
		{45E0FE9C-3D78-4E61-B08A-195CA5BAE700}.Release|Any CPU.ActiveCfg = Release|Any CPU
		{45E0FE9C-3D78-4E61-B08A-195CA5BAE700}.Release|Any CPU.Build.0 = Release|Any CPU
		{7EC73C9B-ED95-4E84-8C0B-5FD6E6FD2FDD}.Debug|Any CPU.ActiveCfg = Debug|Any CPU
		{7EC73C9B-ED95-4E84-8C0B-5FD6E6FD2FDD}.Debug|Any CPU.Build.0 = Debug|Any CPU
		{7EC73C9B-ED95-4E84-8C0B-5FD6E6FD2FDD}.Release|Any CPU.ActiveCfg = Release|Any CPU
		{7EC73C9B-ED95-4E84-8C0B-5FD6E6FD2FDD}.Release|Any CPU.Build.0 = Release|Any CPU
		{2BDEFD73-71F2-4813-9126-0084B97F6956}.Debug|Any CPU.ActiveCfg = Debug|Any CPU
		{2BDEFD73-71F2-4813-9126-0084B97F6956}.Debug|Any CPU.Build.0 = Debug|Any CPU
		{2BDEFD73-71F2-4813-9126-0084B97F6956}.Release|Any CPU.ActiveCfg = Release|Any CPU
		{2BDEFD73-71F2-4813-9126-0084B97F6956}.Release|Any CPU.Build.0 = Release|Any CPU
		{000954A0-0DCA-4B5E-A158-41BAB9D6EF93}.Debug|Any CPU.ActiveCfg = Debug|Any CPU
		{000954A0-0DCA-4B5E-A158-41BAB9D6EF93}.Debug|Any CPU.Build.0 = Debug|Any CPU
		{000954A0-0DCA-4B5E-A158-41BAB9D6EF93}.Release|Any CPU.ActiveCfg = Release|Any CPU
		{000954A0-0DCA-4B5E-A158-41BAB9D6EF93}.Release|Any CPU.Build.0 = Release|Any CPU
		{1DC0DEB4-A905-4238-A8D9-FFA952D124D4}.Debug|Any CPU.ActiveCfg = Debug|Any CPU
		{1DC0DEB4-A905-4238-A8D9-FFA952D124D4}.Debug|Any CPU.Build.0 = Debug|Any CPU
		{1DC0DEB4-A905-4238-A8D9-FFA952D124D4}.Release|Any CPU.ActiveCfg = Release|Any CPU
		{1DC0DEB4-A905-4238-A8D9-FFA952D124D4}.Release|Any CPU.Build.0 = Release|Any CPU
		{DB3DAB51-69B1-4C61-A4FE-3A56C3B29B56}.Debug|Any CPU.ActiveCfg = Debug|Any CPU
		{DB3DAB51-69B1-4C61-A4FE-3A56C3B29B56}.Debug|Any CPU.Build.0 = Debug|Any CPU
		{DB3DAB51-69B1-4C61-A4FE-3A56C3B29B56}.Release|Any CPU.ActiveCfg = Release|Any CPU
		{DB3DAB51-69B1-4C61-A4FE-3A56C3B29B56}.Release|Any CPU.Build.0 = Release|Any CPU
		{D98E6758-7F85-459B-81D5-3A5DA5E5E921}.Debug|Any CPU.ActiveCfg = Debug|Any CPU
		{D98E6758-7F85-459B-81D5-3A5DA5E5E921}.Debug|Any CPU.Build.0 = Debug|Any CPU
		{D98E6758-7F85-459B-81D5-3A5DA5E5E921}.Release|Any CPU.ActiveCfg = Release|Any CPU
		{D98E6758-7F85-459B-81D5-3A5DA5E5E921}.Release|Any CPU.Build.0 = Release|Any CPU
		{5BA86792-EB1C-4F8D-B360-0377BCCDA58D}.Debug|Any CPU.ActiveCfg = Debug|Any CPU
		{5BA86792-EB1C-4F8D-B360-0377BCCDA58D}.Debug|Any CPU.Build.0 = Debug|Any CPU
		{5BA86792-EB1C-4F8D-B360-0377BCCDA58D}.Release|Any CPU.ActiveCfg = Release|Any CPU
		{5BA86792-EB1C-4F8D-B360-0377BCCDA58D}.Release|Any CPU.Build.0 = Release|Any CPU
	EndGlobalSection
	GlobalSection(SolutionProperties) = preSolution
		HideSolutionNode = FALSE
	EndGlobalSection
	GlobalSection(NestedProjects) = preSolution
		{8E62E94C-7CAA-4672-8B9C-1526C8C21B3E} = {5D27A9C4-E8FC-4304-AEAC-B380D2B4CCA2}
		{B77E104B-A5CC-4DB0-A5E9-EF7AC539D8B6} = {5D27A9C4-E8FC-4304-AEAC-B380D2B4CCA2}
		{B2634778-E781-460D-B81D-64F56FB2A869} = {1EEE0734-2FE2-4D96-9000-285F272F9308}
		{BE43D4DB-0337-405F-9B10-0D6315B59BC6} = {1EEE0734-2FE2-4D96-9000-285F272F9308}
		{45E0FE9C-3D78-4E61-B08A-195CA5BAE700} = {D7BB977B-852B-40E7-B5F1-7F87FFAE0EF5}
		{82B252F3-DFC1-4506-BCD0-96EC23D3786D} = {3079E06B-8E5F-43B4-8B46-A9B0099E0F08}
		{7EC73C9B-ED95-4E84-8C0B-5FD6E6FD2FDD} = {A64CB412-AA4C-41F4-9FD7-E018DCFC593C}
		{2BDEFD73-71F2-4813-9126-0084B97F6956} = {A64CB412-AA4C-41F4-9FD7-E018DCFC593C}
		{CA95C6B3-7777-4547-976B-EAC1817DFE1C} = {2EE6EF26-0E86-400F-8D99-5F54D267A951}
		{000954A0-0DCA-4B5E-A158-41BAB9D6EF93} = {CA95C6B3-7777-4547-976B-EAC1817DFE1C}
		{1DC0DEB4-A905-4238-A8D9-FFA952D124D4} = {82B252F3-DFC1-4506-BCD0-96EC23D3786D}
		{DB3DAB51-69B1-4C61-A4FE-3A56C3B29B56} = {58B9DA23-CD92-4CD9-862A-DD7A1AAD14E3}
		{D98E6758-7F85-459B-81D5-3A5DA5E5E921} = {B9E914A0-CF64-48DD-9B50-15B2C8C748FB}
		{5BA86792-EB1C-4F8D-B360-0377BCCDA58D} = {716B32E0-BB2F-4802-88CE-D6CD5854EAA8}
	EndGlobalSection
	GlobalSection(ExtensibilityGlobals) = postSolution
		SolutionGuid = {F6BAD0B8-1B26-48DF-80F4-DB996ABC7735}
	EndGlobalSection
EndGlobal
